
Microsoft Visual Studio Solution File, Format Version 12.00
# Visual Studio Version 16
VisualStudioVersion = 16.0.31624.102
MinimumVisualStudioVersion = 10.0.40219.1
Project("{888888A0-9F3D-457C-B088-3A5042F75D52}") = "numpy practice", "numpy practice\numpy practice.pyproj", "{B4670988-9378-4702-92CD-D9E0EFDF7E65}"
EndProject
Global
	GlobalSection(SolutionConfigurationPlatforms) = preSolution
		Debug|Any CPU = Debug|Any CPU
		Release|Any CPU = Release|Any CPU
	EndGlobalSection
	GlobalSection(ProjectConfigurationPlatforms) = postSolution
		{B4670988-9378-4702-92CD-D9E0EFDF7E65}.Debug|Any CPU.ActiveCfg = Debug|Any CPU
		{B4670988-9378-4702-92CD-D9E0EFDF7E65}.Release|Any CPU.ActiveCfg = Release|Any CPU
	EndGlobalSection
	GlobalSection(SolutionProperties) = preSolution
		HideSolutionNode = FALSE
	EndGlobalSection
	GlobalSection(ExtensibilityGlobals) = postSolution
		SolutionGuid = {F01333F5-F1F0-4AC8-97CD-E2B673543E88}
	EndGlobalSection
EndGlobal
